// !$*UTF8*$!
{
	archiveVersion = 1;
	classes = {
	};
	objectVersion = 48;
	objects = {

/* Begin PBXBuildFile section */
		A507E7651FE4489800C16D86 /* AppDelegate.swift in Sources */ = {isa = PBXBuildFile; fileRef = A507E7641FE4489800C16D86 /* AppDelegate.swift */; };
		A507E7671FE4489800C16D86 /* ViewController.swift in Sources */ = {isa = PBXBuildFile; fileRef = A507E7661FE4489800C16D86 /* ViewController.swift */; };
		A507E76A1FE4489800C16D86 /* Main.storyboard in Resources */ = {isa = PBXBuildFile; fileRef = A507E7681FE4489800C16D86 /* Main.storyboard */; };
		A507E76C1FE4489800C16D86 /* Assets.xcassets in Resources */ = {isa = PBXBuildFile; fileRef = A507E76B1FE4489800C16D86 /* Assets.xcassets */; };
		A507E76F1FE4489800C16D86 /* LaunchScreen.storyboard in Resources */ = {isa = PBXBuildFile; fileRef = A507E76D1FE4489800C16D86 /* LaunchScreen.storyboard */; };
		A507E77A1FE4489800C16D86 /* Bueller12_15_17Tests.swift in Sources */ = {isa = PBXBuildFile; fileRef = A507E7791FE4489800C16D86 /* Bueller12_15_17Tests.swift */; };
		A507E7851FE4489800C16D86 /* Bueller12_15_17UITests.swift in Sources */ = {isa = PBXBuildFile; fileRef = A507E7841FE4489800C16D86 /* Bueller12_15_17UITests.swift */; };
/* End PBXBuildFile section */

/* Begin PBXContainerItemProxy section */
		A507E7761FE4489800C16D86 /* PBXContainerItemProxy */ = {
			isa = PBXContainerItemProxy;
			containerPortal = A507E7591FE4489800C16D86 /* Project object */;
			proxyType = 1;
			remoteGlobalIDString = A507E7601FE4489800C16D86;
			remoteInfo = "Bueller12-15-17";
		};
		A507E7811FE4489800C16D86 /* PBXContainerItemProxy */ = {
			isa = PBXContainerItemProxy;
			containerPortal = A507E7591FE4489800C16D86 /* Project object */;
			proxyType = 1;
			remoteGlobalIDString = A507E7601FE4489800C16D86;
			remoteInfo = "Bueller12-15-17";
		};
/* End PBXContainerItemProxy section */

/* Begin PBXFileReference section */
		A507E7611FE4489800C16D86 /* Bueller12-15-17.app */ = {isa = PBXFileReference; explicitFileType = wrapper.application; includeInIndex = 0; path = "Bueller12-15-17.app"; sourceTree = BUILT_PRODUCTS_DIR; };
		A507E7641FE4489800C16D86 /* AppDelegate.swift */ = {isa = PBXFileReference; lastKnownFileType = sourcecode.swift; path = AppDelegate.swift; sourceTree = "<group>"; };
		A507E7661FE4489800C16D86 /* ViewController.swift */ = {isa = PBXFileReference; lastKnownFileType = sourcecode.swift; path = ViewController.swift; sourceTree = "<group>"; };
		A507E7691FE4489800C16D86 /* Base */ = {isa = PBXFileReference; lastKnownFileType = file.storyboard; name = Base; path = Base.lproj/Main.storyboard; sourceTree = "<group>"; };
		A507E76B1FE4489800C16D86 /* Assets.xcassets */ = {isa = PBXFileReference; lastKnownFileType = folder.assetcatalog; path = Assets.xcassets; sourceTree = "<group>"; };
		A507E76E1FE4489800C16D86 /* Base */ = {isa = PBXFileReference; lastKnownFileType = file.storyboard; name = Base; path = Base.lproj/LaunchScreen.storyboard; sourceTree = "<group>"; };
		A507E7701FE4489800C16D86 /* Info.plist */ = {isa = PBXFileReference; lastKnownFileType = text.plist.xml; path = Info.plist; sourceTree = "<group>"; };
		A507E7751FE4489800C16D86 /* Bueller12-15-17Tests.xctest */ = {isa = PBXFileReference; explicitFileType = wrapper.cfbundle; includeInIndex = 0; path = "Bueller12-15-17Tests.xctest"; sourceTree = BUILT_PRODUCTS_DIR; };
		A507E7791FE4489800C16D86 /* Bueller12_15_17Tests.swift */ = {isa = PBXFileReference; lastKnownFileType = sourcecode.swift; path = Bueller12_15_17Tests.swift; sourceTree = "<group>"; };
		A507E77B1FE4489800C16D86 /* Info.plist */ = {isa = PBXFileReference; lastKnownFileType = text.plist.xml; path = Info.plist; sourceTree = "<group>"; };
		A507E7801FE4489800C16D86 /* Bueller12-15-17UITests.xctest */ = {isa = PBXFileReference; explicitFileType = wrapper.cfbundle; includeInIndex = 0; path = "Bueller12-15-17UITests.xctest"; sourceTree = BUILT_PRODUCTS_DIR; };
		A507E7841FE4489800C16D86 /* Bueller12_15_17UITests.swift */ = {isa = PBXFileReference; lastKnownFileType = sourcecode.swift; path = Bueller12_15_17UITests.swift; sourceTree = "<group>"; };
		A507E7861FE4489800C16D86 /* Info.plist */ = {isa = PBXFileReference; lastKnownFileType = text.plist.xml; path = Info.plist; sourceTree = "<group>"; };
/* End PBXFileReference section */

/* Begin PBXFrameworksBuildPhase section */
		A507E75E1FE4489800C16D86 /* Frameworks */ = {
			isa = PBXFrameworksBuildPhase;
			buildActionMask = 2147483647;
			files = (
			);
			runOnlyForDeploymentPostprocessing = 0;
		};
		A507E7721FE4489800C16D86 /* Frameworks */ = {
			isa = PBXFrameworksBuildPhase;
			buildActionMask = 2147483647;
			files = (
			);
			runOnlyForDeploymentPostprocessing = 0;
		};
		A507E77D1FE4489800C16D86 /* Frameworks */ = {
			isa = PBXFrameworksBuildPhase;
			buildActionMask = 2147483647;
			files = (
			);
			runOnlyForDeploymentPostprocessing = 0;
		};
/* End PBXFrameworksBuildPhase section */

/* Begin PBXGroup section */
		A507E7581FE4489800C16D86 = {
			isa = PBXGroup;
			children = (
				A507E7631FE4489800C16D86 /* Bueller12-15-17 */,
				A507E7781FE4489800C16D86 /* Bueller12-15-17Tests */,
				A507E7831FE4489800C16D86 /* Bueller12-15-17UITests */,
				A507E7621FE4489800C16D86 /* Products */,
			);
			sourceTree = "<group>";
		};
		A507E7621FE4489800C16D86 /* Products */ = {
			isa = PBXGroup;
			children = (
				A507E7611FE4489800C16D86 /* Bueller12-15-17.app */,
				A507E7751FE4489800C16D86 /* Bueller12-15-17Tests.xctest */,
				A507E7801FE4489800C16D86 /* Bueller12-15-17UITests.xctest */,
			);
			name = Products;
			sourceTree = "<group>";
		};
		A507E7631FE4489800C16D86 /* Bueller12-15-17 */ = {
			isa = PBXGroup;
			children = (
				A507E7641FE4489800C16D86 /* AppDelegate.swift */,
				A507E7661FE4489800C16D86 /* ViewController.swift */,
				A507E7681FE4489800C16D86 /* Main.storyboard */,
				A507E76B1FE4489800C16D86 /* Assets.xcassets */,
				A507E76D1FE4489800C16D86 /* LaunchScreen.storyboard */,
				A507E7701FE4489800C16D86 /* Info.plist */,
			);
			path = "Bueller12-15-17";
			sourceTree = "<group>";
		};
		A507E7781FE4489800C16D86 /* Bueller12-15-17Tests */ = {
			isa = PBXGroup;
			children = (
				A507E7791FE4489800C16D86 /* Bueller12_15_17Tests.swift */,
				A507E77B1FE4489800C16D86 /* Info.plist */,
			);
			path = "Bueller12-15-17Tests";
			sourceTree = "<group>";
		};
		A507E7831FE4489800C16D86 /* Bueller12-15-17UITests */ = {
			isa = PBXGroup;
			children = (
				A507E7841FE4489800C16D86 /* Bueller12_15_17UITests.swift */,
				A507E7861FE4489800C16D86 /* Info.plist */,
			);
			path = "Bueller12-15-17UITests";
			sourceTree = "<group>";
		};
/* End PBXGroup section */

/* Begin PBXNativeTarget section */
		A507E7601FE4489800C16D86 /* Bueller12-15-17 */ = {
			isa = PBXNativeTarget;
			buildConfigurationList = A507E7891FE4489800C16D86 /* Build configuration list for PBXNativeTarget "Bueller12-15-17" */;
			buildPhases = (
				A507E75D1FE4489800C16D86 /* Sources */,
				A507E75E1FE4489800C16D86 /* Frameworks */,
				A507E75F1FE4489800C16D86 /* Resources */,
			);
			buildRules = (
			);
			dependencies = (
			);
			name = "Bueller12-15-17";
			productName = "Bueller12-15-17";
			productReference = A507E7611FE4489800C16D86 /* Bueller12-15-17.app */;
			productType = "com.apple.product-type.application";
		};
		A507E7741FE4489800C16D86 /* Bueller12-15-17Tests */ = {
			isa = PBXNativeTarget;
			buildConfigurationList = A507E78C1FE4489800C16D86 /* Build configuration list for PBXNativeTarget "Bueller12-15-17Tests" */;
			buildPhases = (
				A507E7711FE4489800C16D86 /* Sources */,
				A507E7721FE4489800C16D86 /* Frameworks */,
				A507E7731FE4489800C16D86 /* Resources */,
			);
			buildRules = (
			);
			dependencies = (
				A507E7771FE4489800C16D86 /* PBXTargetDependency */,
			);
			name = "Bueller12-15-17Tests";
			productName = "Bueller12-15-17Tests";
			productReference = A507E7751FE4489800C16D86 /* Bueller12-15-17Tests.xctest */;
			productType = "com.apple.product-type.bundle.unit-test";
		};
		A507E77F1FE4489800C16D86 /* Bueller12-15-17UITests */ = {
			isa = PBXNativeTarget;
			buildConfigurationList = A507E78F1FE4489800C16D86 /* Build configuration list for PBXNativeTarget "Bueller12-15-17UITests" */;
			buildPhases = (
				A507E77C1FE4489800C16D86 /* Sources */,
				A507E77D1FE4489800C16D86 /* Frameworks */,
				A507E77E1FE4489800C16D86 /* Resources */,
			);
			buildRules = (
			);
			dependencies = (
				A507E7821FE4489800C16D86 /* PBXTargetDependency */,
			);
			name = "Bueller12-15-17UITests";
			productName = "Bueller12-15-17UITests";
			productReference = A507E7801FE4489800C16D86 /* Bueller12-15-17UITests.xctest */;
			productType = "com.apple.product-type.bundle.ui-testing";
		};
/* End PBXNativeTarget section */

/* Begin PBXProject section */
		A507E7591FE4489800C16D86 /* Project object */ = {
			isa = PBXProject;
			attributes = {
				LastSwiftUpdateCheck = 0920;
				LastUpgradeCheck = 0920;
				ORGANIZATIONNAME = "Grace Hansen";
				TargetAttributes = {
					A507E7601FE4489800C16D86 = {
						CreatedOnToolsVersion = 9.2;
						ProvisioningStyle = Automatic;
					};
					A507E7741FE4489800C16D86 = {
						CreatedOnToolsVersion = 9.2;
						ProvisioningStyle = Automatic;
						TestTargetID = A507E7601FE4489800C16D86;
					};
					A507E77F1FE4489800C16D86 = {
						CreatedOnToolsVersion = 9.2;
						ProvisioningStyle = Automatic;
						TestTargetID = A507E7601FE4489800C16D86;
					};
				};
			};
			buildConfigurationList = A507E75C1FE4489800C16D86 /* Build configuration list for PBXProject "Bueller12-15-17" */;
			compatibilityVersion = "Xcode 8.0";
			developmentRegion = en;
			hasScannedForEncodings = 0;
			knownRegions = (
				en,
				Base,
			);
			mainGroup = A507E7581FE4489800C16D86;
			productRefGroup = A507E7621FE4489800C16D86 /* Products */;
			projectDirPath = "";
			projectRoot = "";
			targets = (
				A507E7601FE4489800C16D86 /* Bueller12-15-17 */,
				A507E7741FE4489800C16D86 /* Bueller12-15-17Tests */,
				A507E77F1FE4489800C16D86 /* Bueller12-15-17UITests */,
			);
		};
/* End PBXProject section */

/* Begin PBXResourcesBuildPhase section */
		A507E75F1FE4489800C16D86 /* Resources */ = {
			isa = PBXResourcesBuildPhase;
			buildActionMask = 2147483647;
			files = (
				A507E76F1FE4489800C16D86 /* LaunchScreen.storyboard in Resources */,
				A507E76C1FE4489800C16D86 /* Assets.xcassets in Resources */,
				A507E76A1FE4489800C16D86 /* Main.storyboard in Resources */,
			);
			runOnlyForDeploymentPostprocessing = 0;
		};
		A507E7731FE4489800C16D86 /* Resources */ = {
			isa = PBXResourcesBuildPhase;
			buildActionMask = 2147483647;
			files = (
			);
			runOnlyForDeploymentPostprocessing = 0;
		};
		A507E77E1FE4489800C16D86 /* Resources */ = {
			isa = PBXResourcesBuildPhase;
			buildActionMask = 2147483647;
			files = (
			);
			runOnlyForDeploymentPostprocessing = 0;
		};
/* End PBXResourcesBuildPhase section */

/* Begin PBXSourcesBuildPhase section */
		A507E75D1FE4489800C16D86 /* Sources */ = {
			isa = PBXSourcesBuildPhase;
			buildActionMask = 2147483647;
			files = (
				A507E7671FE4489800C16D86 /* ViewController.swift in Sources */,
				A507E7651FE4489800C16D86 /* AppDelegate.swift in Sources */,
			);
			runOnlyForDeploymentPostprocessing = 0;
		};
		A507E7711FE4489800C16D86 /* Sources */ = {
			isa = PBXSourcesBuildPhase;
			buildActionMask = 2147483647;
			files = (
				A507E77A1FE4489800C16D86 /* Bueller12_15_17Tests.swift in Sources */,
			);
			runOnlyForDeploymentPostprocessing = 0;
		};
		A507E77C1FE4489800C16D86 /* Sources */ = {
			isa = PBXSourcesBuildPhase;
			buildActionMask = 2147483647;
			files = (
				A507E7851FE4489800C16D86 /* Bueller12_15_17UITests.swift in Sources */,
			);
			runOnlyForDeploymentPostprocessing = 0;
		};
/* End PBXSourcesBuildPhase section */

/* Begin PBXTargetDependency section */
		A507E7771FE4489800C16D86 /* PBXTargetDependency */ = {
			isa = PBXTargetDependency;
			target = A507E7601FE4489800C16D86 /* Bueller12-15-17 */;
			targetProxy = A507E7761FE4489800C16D86 /* PBXContainerItemProxy */;
		};
		A507E7821FE4489800C16D86 /* PBXTargetDependency */ = {
			isa = PBXTargetDependency;
			target = A507E7601FE4489800C16D86 /* Bueller12-15-17 */;
			targetProxy = A507E7811FE4489800C16D86 /* PBXContainerItemProxy */;
		};
/* End PBXTargetDependency section */

/* Begin PBXVariantGroup section */
		A507E7681FE4489800C16D86 /* Main.storyboard */ = {
			isa = PBXVariantGroup;
			children = (
				A507E7691FE4489800C16D86 /* Base */,
			);
			name = Main.storyboard;
			sourceTree = "<group>";
		};
		A507E76D1FE4489800C16D86 /* LaunchScreen.storyboard */ = {
			isa = PBXVariantGroup;
			children = (
				A507E76E1FE4489800C16D86 /* Base */,
			);
			name = LaunchScreen.storyboard;
			sourceTree = "<group>";
		};
/* End PBXVariantGroup section */

/* Begin XCBuildConfiguration section */
		A507E7871FE4489800C16D86 /* Debug */ = {
			isa = XCBuildConfiguration;
			buildSettings = {
				ALWAYS_SEARCH_USER_PATHS = NO;
				CLANG_ANALYZER_NONNULL = YES;
				CLANG_ANALYZER_NUMBER_OBJECT_CONVERSION = YES_AGGRESSIVE;
				CLANG_CXX_LANGUAGE_STANDARD = "gnu++14";
				CLANG_CXX_LIBRARY = "libc++";
				CLANG_ENABLE_MODULES = YES;
				CLANG_ENABLE_OBJC_ARC = YES;
				CLANG_WARN_BLOCK_CAPTURE_AUTORELEASING = YES;
				CLANG_WARN_BOOL_CONVERSION = YES;
				CLANG_WARN_COMMA = YES;
				CLANG_WARN_CONSTANT_CONVERSION = YES;
				CLANG_WARN_DIRECT_OBJC_ISA_USAGE = YES_ERROR;
				CLANG_WARN_DOCUMENTATION_COMMENTS = YES;
				CLANG_WARN_EMPTY_BODY = YES;
				CLANG_WARN_ENUM_CONVERSION = YES;
				CLANG_WARN_INFINITE_RECURSION = YES;
				CLANG_WARN_INT_CONVERSION = YES;
				CLANG_WARN_NON_LITERAL_NULL_CONVERSION = YES;
				CLANG_WARN_OBJC_LITERAL_CONVERSION = YES;
				CLANG_WARN_OBJC_ROOT_CLASS = YES_ERROR;
				CLANG_WARN_RANGE_LOOP_ANALYSIS = YES;
				CLANG_WARN_STRICT_PROTOTYPES = YES;
				CLANG_WARN_SUSPICIOUS_MOVE = YES;
				CLANG_WARN_UNGUARDED_AVAILABILITY = YES_AGGRESSIVE;
				CLANG_WARN_UNREACHABLE_CODE = YES;
				CLANG_WARN__DUPLICATE_METHOD_MATCH = YES;
				CODE_SIGN_IDENTITY = "iPhone Developer";
				COPY_PHASE_STRIP = NO;
				DEBUG_INFORMATION_FORMAT = dwarf;
				ENABLE_STRICT_OBJC_MSGSEND = YES;
				ENABLE_TESTABILITY = YES;
				GCC_C_LANGUAGE_STANDARD = gnu11;
				GCC_DYNAMIC_NO_PIC = NO;
				GCC_NO_COMMON_BLOCKS = YES;
				GCC_OPTIMIZATION_LEVEL = 0;
				GCC_PREPROCESSOR_DEFINITIONS = (
					"DEBUG=1",
					"$(inherited)",
				);
				GCC_WARN_64_TO_32_BIT_CONVERSION = YES;
				GCC_WARN_ABOUT_RETURN_TYPE = YES_ERROR;
				GCC_WARN_UNDECLARED_SELECTOR = YES;
				GCC_WARN_UNINITIALIZED_AUTOS = YES_AGGRESSIVE;
				GCC_WARN_UNUSED_FUNCTION = YES;
				GCC_WARN_UNUSED_VARIABLE = YES;
				IPHONEOS_DEPLOYMENT_TARGET = 11.2;
				MTL_ENABLE_DEBUG_INFO = YES;
				ONLY_ACTIVE_ARCH = YES;
				SDKROOT = iphoneos;
				SWIFT_ACTIVE_COMPILATION_CONDITIONS = DEBUG;
				SWIFT_OPTIMIZATION_LEVEL = "-Onone";
			};
			name = Debug;
		};
		A507E7881FE4489800C16D86 /* Release */ = {
			isa = XCBuildConfiguration;
			buildSettings = {
				ALWAYS_SEARCH_USER_PATHS = NO;
				CLANG_ANALYZER_NONNULL = YES;
				CLANG_ANALYZER_NUMBER_OBJECT_CONVERSION = YES_AGGRESSIVE;
				CLANG_CXX_LANGUAGE_STANDARD = "gnu++14";
				CLANG_CXX_LIBRARY = "libc++";
				CLANG_ENABLE_MODULES = YES;
				CLANG_ENABLE_OBJC_ARC = YES;
				CLANG_WARN_BLOCK_CAPTURE_AUTORELEASING = YES;
				CLANG_WARN_BOOL_CONVERSION = YES;
				CLANG_WARN_COMMA = YES;
				CLANG_WARN_CONSTANT_CONVERSION = YES;
				CLANG_WARN_DIRECT_OBJC_ISA_USAGE = YES_ERROR;
				CLANG_WARN_DOCUMENTATION_COMMENTS = YES;
				CLANG_WARN_EMPTY_BODY = YES;
				CLANG_WARN_ENUM_CONVERSION = YES;
				CLANG_WARN_INFINITE_RECURSION = YES;
				CLANG_WARN_INT_CONVERSION = YES;
				CLANG_WARN_NON_LITERAL_NULL_CONVERSION = YES;
				CLANG_WARN_OBJC_LITERAL_CONVERSION = YES;
				CLANG_WARN_OBJC_ROOT_CLASS = YES_ERROR;
				CLANG_WARN_RANGE_LOOP_ANALYSIS = YES;
				CLANG_WARN_STRICT_PROTOTYPES = YES;
				CLANG_WARN_SUSPICIOUS_MOVE = YES;
				CLANG_WARN_UNGUARDED_AVAILABILITY = YES_AGGRESSIVE;
				CLANG_WARN_UNREACHABLE_CODE = YES;
				CLANG_WARN__DUPLICATE_METHOD_MATCH = YES;
				CODE_SIGN_IDENTITY = "iPhone Developer";
				COPY_PHASE_STRIP = NO;
				DEBUG_INFORMATION_FORMAT = "dwarf-with-dsym";
				ENABLE_NS_ASSERTIONS = NO;
				ENABLE_STRICT_OBJC_MSGSEND = YES;
				GCC_C_LANGUAGE_STANDARD = gnu11;
				GCC_NO_COMMON_BLOCKS = YES;
				GCC_WARN_64_TO_32_BIT_CONVERSION = YES;
				GCC_WARN_ABOUT_RETURN_TYPE = YES_ERROR;
				GCC_WARN_UNDECLARED_SELECTOR = YES;
				GCC_WARN_UNINITIALIZED_AUTOS = YES_AGGRESSIVE;
				GCC_WARN_UNUSED_FUNCTION = YES;
				GCC_WARN_UNUSED_VARIABLE = YES;
				IPHONEOS_DEPLOYMENT_TARGET = 11.2;
				MTL_ENABLE_DEBUG_INFO = NO;
				SDKROOT = iphoneos;
				SWIFT_OPTIMIZATION_LEVEL = "-Owholemodule";
				VALIDATE_PRODUCT = YES;
			};
			name = Release;
		};
		A507E78A1FE4489800C16D86 /* Debug */ = {
			isa = XCBuildConfiguration;
			buildSettings = {
				ASSETCATALOG_COMPILER_APPICON_NAME = AppIcon;
				CODE_SIGN_STYLE = Automatic;
				DEVELOPMENT_TEAM = 7P88CX48BE;
				INFOPLIST_FILE = "Bueller12-15-17/Info.plist";
				LD_RUNPATH_SEARCH_PATHS = "$(inherited) @executable_path/Frameworks";
				PRODUCT_BUNDLE_IDENTIFIER = "EHS.Bueller12-15-17";
				PRODUCT_NAME = "$(TARGET_NAME)";
				SWIFT_VERSION = 4.0;
				TARGETED_DEVICE_FAMILY = "1,2";
			};
			name = Debug;
		};
		A507E78B1FE4489800C16D86 /* Release */ = {
			isa = XCBuildConfiguration;
			buildSettings = {
				ASSETCATALOG_COMPILER_APPICON_NAME = AppIcon;
				CODE_SIGN_STYLE = Automatic;
				DEVELOPMENT_TEAM = 7P88CX48BE;
				INFOPLIST_FILE = "Bueller12-15-17/Info.plist";
				LD_RUNPATH_SEARCH_PATHS = "$(inherited) @executable_path/Frameworks";
				PRODUCT_BUNDLE_IDENTIFIER = "EHS.Bueller12-15-17";
				PRODUCT_NAME = "$(TARGET_NAME)";
				SWIFT_VERSION = 4.0;
				TARGETED_DEVICE_FAMILY = "1,2";
			};
			name = Release;
		};
		A507E78D1FE4489800C16D86 /* Debug */ = {
			isa = XCBuildConfiguration;
			buildSettings = {
				ALWAYS_EMBED_SWIFT_STANDARD_LIBRARIES = YES;
				BUNDLE_LOADER = "$(TEST_HOST)";
				CODE_SIGN_STYLE = Automatic;
				DEVELOPMENT_TEAM = 7P88CX48BE;
				INFOPLIST_FILE = "Bueller12-15-17Tests/Info.plist";
				LD_RUNPATH_SEARCH_PATHS = "$(inherited) @executable_path/Frameworks @loader_path/Frameworks";
				PRODUCT_BUNDLE_IDENTIFIER = "EHS.Bueller12-15-17Tests";
				PRODUCT_NAME = "$(TARGET_NAME)";
				SWIFT_VERSION = 4.0;
				TARGETED_DEVICE_FAMILY = "1,2";
				TEST_HOST = "$(BUILT_PRODUCTS_DIR)/Bueller12-15-17.app/Bueller12-15-17";
			};
			name = Debug;
		};
		A507E78E1FE4489800C16D86 /* Release */ = {
			isa = XCBuildConfiguration;
			buildSettings = {
				ALWAYS_EMBED_SWIFT_STANDARD_LIBRARIES = YES;
				BUNDLE_LOADER = "$(TEST_HOST)";
				CODE_SIGN_STYLE = Automatic;
				DEVELOPMENT_TEAM = 7P88CX48BE;
				INFOPLIST_FILE = "Bueller12-15-17Tests/Info.plist";
				LD_RUNPATH_SEARCH_PATHS = "$(inherited) @executable_path/Frameworks @loader_path/Frameworks";
				PRODUCT_BUNDLE_IDENTIFIER = "EHS.Bueller12-15-17Tests";
				PRODUCT_NAME = "$(TARGET_NAME)";
				SWIFT_VERSION = 4.0;
				TARGETED_DEVICE_FAMILY = "1,2";
				TEST_HOST = "$(BUILT_PRODUCTS_DIR)/Bueller12-15-17.app/Bueller12-15-17";
			};
			name = Release;
		};
		A507E7901FE4489800C16D86 /* Debug */ = {
			isa = XCBuildConfiguration;
			buildSettings = {
				ALWAYS_EMBED_SWIFT_STANDARD_LIBRARIES = YES;
				CODE_SIGN_STYLE = Automatic;
				DEVELOPMENT_TEAM = 7P88CX48BE;
				INFOPLIST_FILE = "Bueller12-15-17UITests/Info.plist";
				LD_RUNPATH_SEARCH_PATHS = "$(inherited) @executable_path/Frameworks @loader_path/Frameworks";
				PRODUCT_BUNDLE_IDENTIFIER = "EHS.Bueller12-15-17UITests";
				PRODUCT_NAME = "$(TARGET_NAME)";
				SWIFT_VERSION = 4.0;
				TARGETED_DEVICE_FAMILY = "1,2";
				TEST_TARGET_NAME = "Bueller12-15-17";
			};
			name = Debug;
		};
		A507E7911FE4489800C16D86 /* Release */ = {
			isa = XCBuildConfiguration;
			buildSettings = {
				ALWAYS_EMBED_SWIFT_STANDARD_LIBRARIES = YES;
				CODE_SIGN_STYLE = Automatic;
				DEVELOPMENT_TEAM = 7P88CX48BE;
				INFOPLIST_FILE = "Bueller12-15-17UITests/Info.plist";
				LD_RUNPATH_SEARCH_PATHS = "$(inherited) @executable_path/Frameworks @loader_path/Frameworks";
				PRODUCT_BUNDLE_IDENTIFIER = "EHS.Bueller12-15-17UITests";
				PRODUCT_NAME = "$(TARGET_NAME)";
				SWIFT_VERSION = 4.0;
				TARGETED_DEVICE_FAMILY = "1,2";
				TEST_TARGET_NAME = "Bueller12-15-17";
			};
			name = Release;
		};
/* End XCBuildConfiguration section */

/* Begin XCConfigurationList section */
		A507E75C1FE4489800C16D86 /* Build configuration list for PBXProject "Bueller12-15-17" */ = {
			isa = XCConfigurationList;
			buildConfigurations = (
				A507E7871FE4489800C16D86 /* Debug */,
				A507E7881FE4489800C16D86 /* Release */,
			);
			defaultConfigurationIsVisible = 0;
			defaultConfigurationName = Release;
		};
		A507E7891FE4489800C16D86 /* Build configuration list for PBXNativeTarget "Bueller12-15-17" */ = {
			isa = XCConfigurationList;
			buildConfigurations = (
				A507E78A1FE4489800C16D86 /* Debug */,
				A507E78B1FE4489800C16D86 /* Release */,
			);
			defaultConfigurationIsVisible = 0;
			defaultConfigurationName = Release;
		};
		A507E78C1FE4489800C16D86 /* Build configuration list for PBXNativeTarget "Bueller12-15-17Tests" */ = {
			isa = XCConfigurationList;
			buildConfigurations = (
				A507E78D1FE4489800C16D86 /* Debug */,
				A507E78E1FE4489800C16D86 /* Release */,
			);
			defaultConfigurationIsVisible = 0;
			defaultConfigurationName = Release;
		};
		A507E78F1FE4489800C16D86 /* Build configuration list for PBXNativeTarget "Bueller12-15-17UITests" */ = {
			isa = XCConfigurationList;
			buildConfigurations = (
				A507E7901FE4489800C16D86 /* Debug */,
				A507E7911FE4489800C16D86 /* Release */,
			);
			defaultConfigurationIsVisible = 0;
			defaultConfigurationName = Release;
		};
/* End XCConfigurationList section */
	};
	rootObject = A507E7591FE4489800C16D86 /* Project object */;
}
